
Microsoft Visual Studio Solution File, Format Version 12.00
# Visual Studio Version 17
VisualStudioVersion = 17.5.33530.505
MinimumVisualStudioVersion = 10.0.40219.1
Project("{FAE04EC0-301F-11D3-BF4B-00C04F79EFBC}") = "TesttimetoVerify", "TesttimetoVerify.csproj", "{EA3140AD-9F02-4431-BEC0-410801DDEFD2}"
EndProject
Global
	GlobalSection(SolutionConfigurationPlatforms) = preSolution
		Debug|Any CPU = Debug|Any CPU
		Release|Any CPU = Release|Any CPU
	EndGlobalSection
	GlobalSection(ProjectConfigurationPlatforms) = postSolution
		{EA3140AD-9F02-4431-BEC0-410801DDEFD2}.Debug|Any CPU.ActiveCfg = Debug|Any CPU
		{EA3140AD-9F02-4431-BEC0-410801DDEFD2}.Debug|Any CPU.Build.0 = Debug|Any CPU
		{EA3140AD-9F02-4431-BEC0-410801DDEFD2}.Release|Any CPU.ActiveCfg = Release|Any CPU
		{EA3140AD-9F02-4431-BEC0-410801DDEFD2}.Release|Any CPU.Build.0 = Release|Any CPU
	EndGlobalSection
	GlobalSection(SolutionProperties) = preSolution
		HideSolutionNode = FALSE
	EndGlobalSection
	GlobalSection(ExtensibilityGlobals) = postSolution
		SolutionGuid = {8DD24EC0-ABA7-4C52-823B-78AA07E6F8DF}
	EndGlobalSection
EndGlobal
